
Microsoft Visual Studio Solution File, Format Version 12.00
# Visual Studio Version 17
VisualStudioVersion = 17.7.34024.191
MinimumVisualStudioVersion = 10.0.40219.1
Project("{FAE04EC0-301F-11D3-BF4B-00C04F79EFBC}") = "Inheritance", "PBO_Inheritance\Inheritance.csproj", "{8E1F3560-DA4A-4DDC-8C47-FA800488B470}"
EndProject
Global
	GlobalSection(SolutionConfigurationPlatforms) = preSolution
		Debug|Any CPU = Debug|Any CPU
		Release|Any CPU = Release|Any CPU
	EndGlobalSection
	GlobalSection(ProjectConfigurationPlatforms) = postSolution
		{8E1F3560-DA4A-4DDC-8C47-FA800488B470}.Debug|Any CPU.ActiveCfg = Debug|Any CPU
		{8E1F3560-DA4A-4DDC-8C47-FA800488B470}.Debug|Any CPU.Build.0 = Debug|Any CPU
		{8E1F3560-DA4A-4DDC-8C47-FA800488B470}.Release|Any CPU.ActiveCfg = Release|Any CPU
		{8E1F3560-DA4A-4DDC-8C47-FA800488B470}.Release|Any CPU.Build.0 = Release|Any CPU
	EndGlobalSection
	GlobalSection(SolutionProperties) = preSolution
		HideSolutionNode = FALSE
	EndGlobalSection
	GlobalSection(ExtensibilityGlobals) = postSolution
		SolutionGuid = {0A999FF5-2CF8-4C44-80C9-A6C5A39DC0F6}
	EndGlobalSection
EndGlobal
