
Microsoft Visual Studio Solution File, Format Version 12.00
# Visual Studio Version 17
VisualStudioVersion = 17.7.34009.444
MinimumVisualStudioVersion = 10.0.40219.1
Project("{FAE04EC0-301F-11D3-BF4B-00C04F79EFBC}") = "TugasGUI", "TugasGUI\TugasGUI.csproj", "{8D8BC9A2-8979-4DF8-89AA-DE174545A45D}"
EndProject
Global
	GlobalSection(SolutionConfigurationPlatforms) = preSolution
		Debug|Any CPU = Debug|Any CPU
		Release|Any CPU = Release|Any CPU
	EndGlobalSection
	GlobalSection(ProjectConfigurationPlatforms) = postSolution
		{8D8BC9A2-8979-4DF8-89AA-DE174545A45D}.Debug|Any CPU.ActiveCfg = Debug|Any CPU
		{8D8BC9A2-8979-4DF8-89AA-DE174545A45D}.Debug|Any CPU.Build.0 = Debug|Any CPU
		{8D8BC9A2-8979-4DF8-89AA-DE174545A45D}.Release|Any CPU.ActiveCfg = Release|Any CPU
		{8D8BC9A2-8979-4DF8-89AA-DE174545A45D}.Release|Any CPU.Build.0 = Release|Any CPU
	EndGlobalSection
	GlobalSection(SolutionProperties) = preSolution
		HideSolutionNode = FALSE
	EndGlobalSection
	GlobalSection(ExtensibilityGlobals) = postSolution
		SolutionGuid = {79FB1D35-8A3D-4A55-8AEA-62AF35BD40D7}
	EndGlobalSection
EndGlobal
